
Microsoft Visual Studio Solution File, Format Version 12.00
# Visual Studio Version 16
VisualStudioVersion = 16.0.30717.126
MinimumVisualStudioVersion = 10.0.40219.1
Project("{FAE04EC0-301F-11D3-BF4B-00C04F79EFBC}") = "API", "API\API.csproj", "{A0B0BBBC-1247-47A3-9154-5AD8F1D0F6BC}"
EndProject
Project("{FAE04EC0-301F-11D3-BF4B-00C04F79EFBC}") = "Core", "Core\Core.csproj", "{02DB1F64-C8D9-4328-81A3-B88B1A68B6DC}"
EndProject
Project("{FAE04EC0-301F-11D3-BF4B-00C04F79EFBC}") = "Infrastructure", "Infrastructure\Infrastructure.csproj", "{5EFA44AE-8B09-4D44-A648-231E67E870BB}"
EndProject
Global
	GlobalSection(SolutionConfigurationPlatforms) = preSolution
		Debug|Any CPU = Debug|Any CPU
		Release|Any CPU = Release|Any CPU
	EndGlobalSection
	GlobalSection(ProjectConfigurationPlatforms) = postSolution
		{A0B0BBBC-1247-47A3-9154-5AD8F1D0F6BC}.Debug|Any CPU.ActiveCfg = Debug|Any CPU
		{A0B0BBBC-1247-47A3-9154-5AD8F1D0F6BC}.Debug|Any CPU.Build.0 = Debug|Any CPU
		{A0B0BBBC-1247-47A3-9154-5AD8F1D0F6BC}.Release|Any CPU.ActiveCfg = Release|Any CPU
		{A0B0BBBC-1247-47A3-9154-5AD8F1D0F6BC}.Release|Any CPU.Build.0 = Release|Any CPU
		{02DB1F64-C8D9-4328-81A3-B88B1A68B6DC}.Debug|Any CPU.ActiveCfg = Debug|Any CPU
		{02DB1F64-C8D9-4328-81A3-B88B1A68B6DC}.Debug|Any CPU.Build.0 = Debug|Any CPU
		{02DB1F64-C8D9-4328-81A3-B88B1A68B6DC}.Release|Any CPU.ActiveCfg = Release|Any CPU
		{02DB1F64-C8D9-4328-81A3-B88B1A68B6DC}.Release|Any CPU.Build.0 = Release|Any CPU
		{5EFA44AE-8B09-4D44-A648-231E67E870BB}.Debug|Any CPU.ActiveCfg = Debug|Any CPU
		{5EFA44AE-8B09-4D44-A648-231E67E870BB}.Debug|Any CPU.Build.0 = Debug|Any CPU
		{5EFA44AE-8B09-4D44-A648-231E67E870BB}.Release|Any CPU.ActiveCfg = Release|Any CPU
		{5EFA44AE-8B09-4D44-A648-231E67E870BB}.Release|Any CPU.Build.0 = Release|Any CPU
	EndGlobalSection
	GlobalSection(SolutionProperties) = preSolution
		HideSolutionNode = FALSE
	EndGlobalSection
	GlobalSection(ExtensibilityGlobals) = postSolution
		SolutionGuid = {13754AF4-26EB-46A8-A745-206477786795}
	EndGlobalSection
EndGlobal
